
Microsoft Visual Studio Solution File, Format Version 12.00
# Visual Studio Version 16
VisualStudioVersion = 16.0.32510.428
MinimumVisualStudioVersion = 10.0.40219.1
Project("{FAE04EC0-301F-11D3-BF4B-00C04F79EFBC}") = "web.automation.core", "web.automation.core\web.automation.core.csproj", "{013365B7-9765-4B7C-BECC-F86E71396DA2}"
EndProject
Project("{FAE04EC0-301F-11D3-BF4B-00C04F79EFBC}") = "web.automation.pages", "web.automation.pages\web.automation.pages.csproj", "{F40A5609-BBAC-4966-BDC0-E943C2F4F95B}"
EndProject
Project("{FAE04EC0-301F-11D3-BF4B-00C04F79EFBC}") = "web.automation.test", "web.automation.test\web.automation.test.csproj", "{2B94EA66-E0E9-455F-AABC-69007A5CC2BB}"
EndProject
Global
	GlobalSection(SolutionConfigurationPlatforms) = preSolution
		Debug|Any CPU = Debug|Any CPU
		Release|Any CPU = Release|Any CPU
	EndGlobalSection
	GlobalSection(ProjectConfigurationPlatforms) = postSolution
		{013365B7-9765-4B7C-BECC-F86E71396DA2}.Debug|Any CPU.ActiveCfg = Debug|Any CPU
		{013365B7-9765-4B7C-BECC-F86E71396DA2}.Debug|Any CPU.Build.0 = Debug|Any CPU
		{013365B7-9765-4B7C-BECC-F86E71396DA2}.Release|Any CPU.ActiveCfg = Release|Any CPU
		{013365B7-9765-4B7C-BECC-F86E71396DA2}.Release|Any CPU.Build.0 = Release|Any CPU
		{F40A5609-BBAC-4966-BDC0-E943C2F4F95B}.Debug|Any CPU.ActiveCfg = Debug|Any CPU
		{F40A5609-BBAC-4966-BDC0-E943C2F4F95B}.Debug|Any CPU.Build.0 = Debug|Any CPU
		{F40A5609-BBAC-4966-BDC0-E943C2F4F95B}.Release|Any CPU.ActiveCfg = Release|Any CPU
		{F40A5609-BBAC-4966-BDC0-E943C2F4F95B}.Release|Any CPU.Build.0 = Release|Any CPU
		{2B94EA66-E0E9-455F-AABC-69007A5CC2BB}.Debug|Any CPU.ActiveCfg = Debug|Any CPU
		{2B94EA66-E0E9-455F-AABC-69007A5CC2BB}.Debug|Any CPU.Build.0 = Debug|Any CPU
		{2B94EA66-E0E9-455F-AABC-69007A5CC2BB}.Release|Any CPU.ActiveCfg = Release|Any CPU
		{2B94EA66-E0E9-455F-AABC-69007A5CC2BB}.Release|Any CPU.Build.0 = Release|Any CPU
	EndGlobalSection
	GlobalSection(SolutionProperties) = preSolution
		HideSolutionNode = FALSE
	EndGlobalSection
	GlobalSection(ExtensibilityGlobals) = postSolution
		SolutionGuid = {3A5BF8DD-A708-4FCC-89BE-E8F94EA9228F}
	EndGlobalSection
EndGlobal
